github.com/bwmarrin/discordgo v0.25.0 h1:NXhdfHRNxtwso6FPdzW2i3uBvvU7UIQTghmV2T4nqAs=
github.com/bwmarrin/discordgo v0.25.0/go.mod h1:NJZpH+1AfhIcyQsPeuBKsUtYrRnjkyu0kIVMCHkZtRY=
github.com/gorilla/websocket v1.4.2/go.mod h1:YR8l580nyteQvAITg2hZ9XVh4b55+EU/adAjf1fMHhE=
github.com/gorilla/websocket v1.5.0 h1:PPwGk2jz7EePpoHN/+ClbZu8SPxiqlu12wZP/3sWmnc=
github.com/gorilla/websocket v1.5.0/go.mod h1:YR8l580nyteQvAITg2hZ9XVh4b55+EU/adAjf1fMHhE=
github.com/joho/godotenv v1.4.0 h1:3l4+N6zfMWnkbPEXKng2o2/MR5mSwTrBih4ZEkkz1lg=
github.com/joho/godotenv v1.4.0/go.mod h1:f4LDr5Voq0i2e/R5DDNOoa2zzDfwtkZa6DnEwAbqwq4=
github.com/nicolito128/animegirls-holding-programming-books v1.2.6 h1:bq5q3qqSmBEO3RJdLe/bh3alL4jm61XYLbBnx9PToG0=
github.com/nicolito128/animegirls-holding-programming-books v1.2.6/go.mod h1:9UuyHR3xDHUrkoUEUHdlSxf7r2S9dSXN5eEPOFrYXQg=
github.com/nicolito128/go-calculator v1.1.0 h1:N4FuElw7RD5D/2h1y69Pga/+bP4GqfO2Y3r4dK1znk4=
github.com/nicolito128/go-calculator v1.1.0/go.mod h1:VBtd1aqPxpExLteM6DRp3/ThCrGixTnCHKOXoSzKPXM=
github.com/nicolito128/superimage v0.0.0-20220710021439-9cbc294be315 h1:CedK4OoBQpgzkEZ4VbKBmjqQiJTp+3sRF03QvgmcfcE=
github.com/nicolito128/superimage v0.0.0-20220710021439-9cbc294be315/go.mod h1:eXiQwSwTao1MMM79LiM7UI0gVx79gTK7ulCWN+CmmPg=
github.com/nicolito128/superimage v0.0.0-20220710023850-83cca0b68cca h1:hdedXk3JShAUT2BcNdF8JB62jmfnGs1I8GDTVKCXozk=
github.com/nicolito128/superimage v0.0.0-20220710023850-83cca0b68cca/go.mod h1:eXiQwSwTao1MMM79LiM7UI0gVx79gTK7ulCWN+CmmPg=
golang.org/x/crypto v0.0.0-20210421170649-83a5a9bb288b/go.mod h1:T9bdIzuCu7OtxOm1hfPfRQxPLYneinmdGuTeoZ9dtd4=
golang.org/x/crypto v0.0.0-20220525230936-793ad666bf5e h1:T8NU3HyQ8ClP4SEE+KbFlg6n0NhuTsN4MyznaarGsZM=
golang.org/x/crypto v0.0.0-20220525230936-793ad666bf5e/go.mod h1:IxCIyHEi3zRg3s0A5j5BB6A9Jmi73HwBIUl50j+osU4=
golang.org/x/net v0.0.0-20210226172049-e18ecbb05110/go.mod h1:m0MpNAwzfU5UDzcl9v0D8zg8gWTRqZa9RBIspLL5mdg=
golang.org/x/sys v0.0.0-20201119102817-f84b799fce68/go.mod h1:h1NjWce9XRLGQEsW7wpKNCjG9DtNlClVuFLEZdDNbEs=
golang.org/x/sys v0.0.0-20220520151302-bc2c85ada10a h1:dGzPydgVsqGcTRVwiLJ1jVbufYwmzD3LfVPLKsKg+0k=
golang.org/x/sys v0.0.0-20220520151302-bc2c85ada10a/go.mod h1:oPkhp1MJrh7nUepCBck5+mAzfO9JrbApNNgaTdGDITg=
golang.org/x/term v0.0.0-20201126162022-7de9c90e9dd1/go.mod h1:bj7SfCRtBDWHUb9snDiAeCFNEtKQo2Wmx5Cou7ajbmo=
golang.org/x/text v0.3.3/go.mod h1:5Zoc/QRtKVWzQhOtBMvqHzDpF6irO9z98xDceosuGiQ=
golang.org/x/tools v0.0.0-20180917221912-90fa682c2a6e/go.mod h1:n7NCudcB/nEzxVGmLbDWY5pfWTLqBcC2KZ6jyYvM4mQ=
